
Microsoft Visual Studio Solution File, Format Version 12.00
# Visual Studio Version 17
VisualStudioVersion = 17.3.32901.215
MinimumVisualStudioVersion = 10.0.40219.1
Project("{FAE04EC0-301F-11D3-BF4B-00C04F79EFBC}") = "parçalar", "parçalar\parçalar.csproj", "{DD632502-EBCD-4C57-AD2B-42233451D10F}"
EndProject
Global
	GlobalSection(SolutionConfigurationPlatforms) = preSolution
		Debug|Any CPU = Debug|Any CPU
		Release|Any CPU = Release|Any CPU
	EndGlobalSection
	GlobalSection(ProjectConfigurationPlatforms) = postSolution
		{DD632502-EBCD-4C57-AD2B-42233451D10F}.Debug|Any CPU.ActiveCfg = Debug|Any CPU
		{DD632502-EBCD-4C57-AD2B-42233451D10F}.Debug|Any CPU.Build.0 = Debug|Any CPU
		{DD632502-EBCD-4C57-AD2B-42233451D10F}.Release|Any CPU.ActiveCfg = Release|Any CPU
		{DD632502-EBCD-4C57-AD2B-42233451D10F}.Release|Any CPU.Build.0 = Release|Any CPU
	EndGlobalSection
	GlobalSection(SolutionProperties) = preSolution
		HideSolutionNode = FALSE
	EndGlobalSection
	GlobalSection(ExtensibilityGlobals) = postSolution
		SolutionGuid = {339E72CB-120A-4796-A63F-D12A0B120449}
	EndGlobalSection
EndGlobal
